
Microsoft Visual Studio Solution File, Format Version 12.00
# Visual Studio Version 17
VisualStudioVersion = 17.5.33414.496
MinimumVisualStudioVersion = 10.0.40219.1
Project("{FAE04EC0-301F-11D3-BF4B-00C04F79EFBC}") = "WebApplication1", "WebApplication1\WebApplication1.csproj", "{DDEAA6EB-3986-42FF-9B71-C1BCACC20655}"
EndProject
Project("{2150E333-8FDC-42A3-9474-1A3956D46DE8}") = "Solution Items", "Solution Items", "{381A188B-D56A-487B-B24D-6A81CC3A5234}"
	ProjectSection(SolutionItems) = preProject
		.gitignore = .gitignore
		README.md = README.md
	EndProjectSection
EndProject
Global
	GlobalSection(SolutionConfigurationPlatforms) = preSolution
		Debug|Any CPU = Debug|Any CPU
		Release|Any CPU = Release|Any CPU
	EndGlobalSection
	GlobalSection(ProjectConfigurationPlatforms) = postSolution
		{DDEAA6EB-3986-42FF-9B71-C1BCACC20655}.Debug|Any CPU.ActiveCfg = Debug|Any CPU
		{DDEAA6EB-3986-42FF-9B71-C1BCACC20655}.Debug|Any CPU.Build.0 = Debug|Any CPU
		{DDEAA6EB-3986-42FF-9B71-C1BCACC20655}.Release|Any CPU.ActiveCfg = Release|Any CPU
		{DDEAA6EB-3986-42FF-9B71-C1BCACC20655}.Release|Any CPU.Build.0 = Release|Any CPU
	EndGlobalSection
	GlobalSection(SolutionProperties) = preSolution
		HideSolutionNode = FALSE
	EndGlobalSection
	GlobalSection(ExtensibilityGlobals) = postSolution
		SolutionGuid = {C0F5E915-EC9E-49FE-8170-CFF6CFEBD79A}
	EndGlobalSection
EndGlobal
